
Microsoft Visual Studio Solution File, Format Version 12.00
# Visual Studio Version 16
VisualStudioVersion = 16.0.33927.289
MinimumVisualStudioVersion = 10.0.40219.1
Project("{2150E333-8FDC-42A3-9474-1A3956D46DE8}") = "Task0", "Task0", "{4956C703-6B8D-489C-AFB7-626B67190DA2}"
EndProject
Project("{FAE04EC0-301F-11D3-BF4B-00C04F79EFBC}") = "Tyuiu.GurevskayaVE.Sprint0.Task0.V0", "Tyuiu.GurevskayaVE.Sprint0.Task0.V0\Tyuiu.GurevskayaVE.Sprint0.Task0.V0.csproj", "{1CEE00B1-CCED-4E0B-A888-264408A748EC}"
EndProject
Project("{2150E333-8FDC-42A3-9474-1A3956D46DE8}") = "Task1", "Task1", "{524CD3BC-8CDA-448D-97B0-0AF600ACCC16}"
EndProject
Project("{FAE04EC0-301F-11D3-BF4B-00C04F79EFBC}") = "Tyuiu.GurevskayaVE.Sprint0.Task1.V0", "Tyuiu.GurevskayaVE.Sprint0.Task1.V0\Tyuiu.GurevskayaVE.Sprint0.Task1.V0.csproj", "{A17D8097-901F-4E17-ADBE-965300A25004}"
EndProject
Project("{2150E333-8FDC-42A3-9474-1A3956D46DE8}") = "Task2", "Task2", "{8A6ABAF0-FD2D-4D7F-B6AD-E497A7D71CA6}"
EndProject
Project("{FAE04EC0-301F-11D3-BF4B-00C04F79EFBC}") = "Tyuiu.GurevskayaVE.Sprint0.Task2.V0", "Tyuiu.GurevskayaVE.Sprint0.Task2.V0\Tyuiu.GurevskayaVE.Sprint0.Task2.V0.csproj", "{D8C3F48B-9D17-4069-829F-9409FABB72D7}"
EndProject
Project("{FAE04EC0-301F-11D3-BF4B-00C04F79EFBC}") = "Tyuiu.GurevskayaVE.Sprint0.Task2.V0.Lib", "Tyuiu.GurevskayaVE.Sprint0.Task2.V0.Lib\Tyuiu.GurevskayaVE.Sprint0.Task2.V0.Lib.csproj", "{1770C1D7-DCF7-43A3-8B0A-A7D742728685}"
EndProject
Project("{FAE04EC0-301F-11D3-BF4B-00C04F79EFBC}") = "Tyuiu.GurevskayaVE.Sprint0.Task2.V0.Test", "Tyuiu.GurevskayaVE.Sprint0.Tas21.V0.Test\Tyuiu.GurevskayaVE.Sprint0.Task2.V0.Test.csproj", "{AF578A13-D5B2-4C78-805D-33F6938A8E3F}"
EndProject
Project("{2150E333-8FDC-42A3-9474-1A3956D46DE8}") = "Task3", "Task3", "{9083FAF1-297E-4E3A-B446-62785A37EDC3}"
EndProject
Project("{FAE04EC0-301F-11D3-BF4B-00C04F79EFBC}") = "Tyuiu.GurevskayaVE.Sprint0.Task3.V0", "Tyuiu.GurevskayaVE.Sprint0.Task3.V0\Tyuiu.GurevskayaVE.Sprint0.Task3.V0.csproj", "{7C0ACAF7-4276-4CC5-BB60-C9DC58FE6915}"
EndProject
Project("{FAE04EC0-301F-11D3-BF4B-00C04F79EFBC}") = "Tyuiu.GurevskayaVE.Sprint0.Task3.V0.Lib", "Tyuiu.GurevskayaVE.Sprint0.Task3.V0.Lib\Tyuiu.GurevskayaVE.Sprint0.Task3.V0.Lib.csproj", "{91F77CE8-7BF7-4D81-B34B-6A7C7917DBF6}"
EndProject
Project("{FAE04EC0-301F-11D3-BF4B-00C04F79EFBC}") = "Tyuiu.GurevskayaVE.Sprint0.Task3.V0.Test", "Tyuiu.GurevskayaVE.Sprint0.Task3.V0.Test\Tyuiu.GurevskayaVE.Sprint0.Task3.V0.Test.csproj", "{4CB09A36-C797-4E99-9BFF-C69A3625213E}"
EndProject
Global
	GlobalSection(SolutionConfigurationPlatforms) = preSolution
		Debug|Any CPU = Debug|Any CPU
		Release|Any CPU = Release|Any CPU
	EndGlobalSection
	GlobalSection(ProjectConfigurationPlatforms) = postSolution
		{1CEE00B1-CCED-4E0B-A888-264408A748EC}.Debug|Any CPU.ActiveCfg = Debug|Any CPU
		{1CEE00B1-CCED-4E0B-A888-264408A748EC}.Debug|Any CPU.Build.0 = Debug|Any CPU
		{1CEE00B1-CCED-4E0B-A888-264408A748EC}.Release|Any CPU.ActiveCfg = Release|Any CPU
		{1CEE00B1-CCED-4E0B-A888-264408A748EC}.Release|Any CPU.Build.0 = Release|Any CPU
		{A17D8097-901F-4E17-ADBE-965300A25004}.Debug|Any CPU.ActiveCfg = Debug|Any CPU
		{A17D8097-901F-4E17-ADBE-965300A25004}.Debug|Any CPU.Build.0 = Debug|Any CPU
		{A17D8097-901F-4E17-ADBE-965300A25004}.Release|Any CPU.ActiveCfg = Release|Any CPU
		{A17D8097-901F-4E17-ADBE-965300A25004}.Release|Any CPU.Build.0 = Release|Any CPU
		{D8C3F48B-9D17-4069-829F-9409FABB72D7}.Debug|Any CPU.ActiveCfg = Debug|Any CPU
		{D8C3F48B-9D17-4069-829F-9409FABB72D7}.Debug|Any CPU.Build.0 = Debug|Any CPU
		{D8C3F48B-9D17-4069-829F-9409FABB72D7}.Release|Any CPU.ActiveCfg = Release|Any CPU
		{D8C3F48B-9D17-4069-829F-9409FABB72D7}.Release|Any CPU.Build.0 = Release|Any CPU
		{1770C1D7-DCF7-43A3-8B0A-A7D742728685}.Debug|Any CPU.ActiveCfg = Debug|Any CPU
		{1770C1D7-DCF7-43A3-8B0A-A7D742728685}.Debug|Any CPU.Build.0 = Debug|Any CPU
		{1770C1D7-DCF7-43A3-8B0A-A7D742728685}.Release|Any CPU.ActiveCfg = Release|Any CPU
		{1770C1D7-DCF7-43A3-8B0A-A7D742728685}.Release|Any CPU.Build.0 = Release|Any CPU
		{AF578A13-D5B2-4C78-805D-33F6938A8E3F}.Debug|Any CPU.ActiveCfg = Debug|Any CPU
		{AF578A13-D5B2-4C78-805D-33F6938A8E3F}.Debug|Any CPU.Build.0 = Debug|Any CPU
		{AF578A13-D5B2-4C78-805D-33F6938A8E3F}.Release|Any CPU.ActiveCfg = Release|Any CPU
		{AF578A13-D5B2-4C78-805D-33F6938A8E3F}.Release|Any CPU.Build.0 = Release|Any CPU
		{7C0ACAF7-4276-4CC5-BB60-C9DC58FE6915}.Debug|Any CPU.ActiveCfg = Debug|Any CPU
		{7C0ACAF7-4276-4CC5-BB60-C9DC58FE6915}.Debug|Any CPU.Build.0 = Debug|Any CPU
		{7C0ACAF7-4276-4CC5-BB60-C9DC58FE6915}.Release|Any CPU.ActiveCfg = Release|Any CPU
		{7C0ACAF7-4276-4CC5-BB60-C9DC58FE6915}.Release|Any CPU.Build.0 = Release|Any CPU
		{91F77CE8-7BF7-4D81-B34B-6A7C7917DBF6}.Debug|Any CPU.ActiveCfg = Debug|Any CPU
		{91F77CE8-7BF7-4D81-B34B-6A7C7917DBF6}.Debug|Any CPU.Build.0 = Debug|Any CPU
		{91F77CE8-7BF7-4D81-B34B-6A7C7917DBF6}.Release|Any CPU.ActiveCfg = Release|Any CPU
		{91F77CE8-7BF7-4D81-B34B-6A7C7917DBF6}.Release|Any CPU.Build.0 = Release|Any CPU
		{4CB09A36-C797-4E99-9BFF-C69A3625213E}.Debug|Any CPU.ActiveCfg = Debug|Any CPU
		{4CB09A36-C797-4E99-9BFF-C69A3625213E}.Debug|Any CPU.Build.0 = Debug|Any CPU
		{4CB09A36-C797-4E99-9BFF-C69A3625213E}.Release|Any CPU.ActiveCfg = Release|Any CPU
		{4CB09A36-C797-4E99-9BFF-C69A3625213E}.Release|Any CPU.Build.0 = Release|Any CPU
	EndGlobalSection
	GlobalSection(SolutionProperties) = preSolution
		HideSolutionNode = FALSE
	EndGlobalSection
	GlobalSection(NestedProjects) = preSolution
		{1CEE00B1-CCED-4E0B-A888-264408A748EC} = {4956C703-6B8D-489C-AFB7-626B67190DA2}
		{A17D8097-901F-4E17-ADBE-965300A25004} = {524CD3BC-8CDA-448D-97B0-0AF600ACCC16}
		{D8C3F48B-9D17-4069-829F-9409FABB72D7} = {8A6ABAF0-FD2D-4D7F-B6AD-E497A7D71CA6}
		{1770C1D7-DCF7-43A3-8B0A-A7D742728685} = {8A6ABAF0-FD2D-4D7F-B6AD-E497A7D71CA6}
		{AF578A13-D5B2-4C78-805D-33F6938A8E3F} = {8A6ABAF0-FD2D-4D7F-B6AD-E497A7D71CA6}
		{7C0ACAF7-4276-4CC5-BB60-C9DC58FE6915} = {9083FAF1-297E-4E3A-B446-62785A37EDC3}
		{91F77CE8-7BF7-4D81-B34B-6A7C7917DBF6} = {9083FAF1-297E-4E3A-B446-62785A37EDC3}
		{4CB09A36-C797-4E99-9BFF-C69A3625213E} = {9083FAF1-297E-4E3A-B446-62785A37EDC3}
	EndGlobalSection
	GlobalSection(ExtensibilityGlobals) = postSolution
		SolutionGuid = {3FF3AA2F-8043-49C2-ACDD-DFAC49FFF6DE}
	EndGlobalSection
EndGlobal
