
Microsoft Visual Studio Solution File, Format Version 12.00
# Visual Studio Version 16
VisualStudioVersion = 16.0.33927.289
MinimumVisualStudioVersion = 10.0.40219.1
Project("{2150E333-8FDC-42A3-9474-1A3956D46DE8}") = "Task0", "Task0", "{4956C703-6B8D-489C-AFB7-626B67190DA2}"
EndProject
Project("{FAE04EC0-301F-11D3-BF4B-00C04F79EFBC}") = "Tyuiu.GurevskayaVE.Sprint0.Task0.V0", "Tyuiu.GurevskayaVE.Sprint0.Task0.V0\Tyuiu.GurevskayaVE.Sprint0.Task0.V0.csproj", "{1CEE00B1-CCED-4E0B-A888-264408A748EC}"
EndProject
Project("{2150E333-8FDC-42A3-9474-1A3956D46DE8}") = "Task1", "Task1", "{524CD3BC-8CDA-448D-97B0-0AF600ACCC16}"
EndProject
Project("{FAE04EC0-301F-11D3-BF4B-00C04F79EFBC}") = "Tyuiu.GurevskayaVE.Sprint0.Task1.V0", "Tyuiu.GurevskayaVE.Sprint0.Task1.V0\Tyuiu.GurevskayaVE.Sprint0.Task1.V0.csproj", "{A17D8097-901F-4E17-ADBE-965300A25004}"
EndProject
Project("{2150E333-8FDC-42A3-9474-1A3956D46DE8}") = "Task2", "Task2", "{8A6ABAF0-FD2D-4D7F-B6AD-E497A7D71CA6}"
EndProject
Project("{FAE04EC0-301F-11D3-BF4B-00C04F79EFBC}") = "Tyuiu.GurevskayaVE.Sprint0.Task2.V0", "Tyuiu.GurevskayaVE.Sprint0.Task2.V0\Tyuiu.GurevskayaVE.Sprint0.Task2.V0.csproj", "{D8C3F48B-9D17-4069-829F-9409FABB72D7}"
EndProject
Project("{FAE04EC0-301F-11D3-BF4B-00C04F79EFBC}") = "Tyuiu.GurevskayaVE.Sprint0.Task2.V0.Lib", "Tyuiu.GurevskayaVE.Sprint0.Task2.V0.Lib\Tyuiu.GurevskayaVE.Sprint0.Task2.V0.Lib.csproj", "{1770C1D7-DCF7-43A3-8B0A-A7D742728685}"
EndProject
Project("{FAE04EC0-301F-11D3-BF4B-00C04F79EFBC}") = "Tyuiu.GurevskayaVE.Sprint0.Task2.V0.Test", "Tyuiu.GurevskayaVE.Sprint0.Tas21.V0.Test\Tyuiu.GurevskayaVE.Sprint0.Task2.V0.Test.csproj", "{AF578A13-D5B2-4C78-805D-33F6938A8E3F}"
EndProject
Project("{2150E333-8FDC-42A3-9474-1A3956D46DE8}") = "Task3", "Task3", "{9083FAF1-297E-4E3A-B446-62785A37EDC3}"
EndProject
Project("{FAE04EC0-301F-11D3-BF4B-00C04F79EFBC}") = "Tyuiu.GurevskayaVE.Sprint0.Task3.V0", "Tyuiu.GurevskayaVE.Sprint0.Task3.V0\Tyuiu.GurevskayaVE.Sprint0.Task3.V0.csproj", "{7C0ACAF7-4276-4CC5-BB60-C9DC58FE6915}"
EndProject
Project("{FAE04EC0-301F-11D3-BF4B-00C04F79EFBC}") = "Tyuiu.GurevskayaVE.Sprint0.Task3.V0.Lib", "Tyuiu.GurevskayaVE.Sprint0.Task3.V0.Lib\Tyuiu.GurevskayaVE.Sprint0.Task3.V0.Lib.csproj", "{91F77CE8-7BF7-4D81-B34B-6A7C7917DBF6}"
EndProject
Project("{FAE04EC0-301F-11D3-BF4B-00C04F79EFBC}") = "Tyuiu.GurevskayaVE.Sprint0.Task3.V0.Test", "Tyuiu.GurevskayaVE.Sprint0.Task3.V0.Test\Tyuiu.GurevskayaVE.Sprint0.Task3.V0.Test.csproj", "{4CB09A36-C797-4E99-9BFF-C69A3625213E}"
EndProject
Project("{2150E333-8FDC-42A3-9474-1A3956D46DE8}") = "Task4", "Task4", "{367D8884-AFB2-4BBA-87E5-FFB3A846914D}"
EndProject
Project("{FAE04EC0-301F-11D3-BF4B-00C04F79EFBC}") = "Tyuiu.GurevskayaVE.Sprint0.Task4.V0", "Tyuiu.GurevskayaVE.Sprint0.Task4.V0\Tyuiu.GurevskayaVE.Sprint0.Task4.V0.csproj", "{60427858-5FF0-44E1-82D7-7D0F1C4E9B04}"
EndProject
Project("{FAE04EC0-301F-11D3-BF4B-00C04F79EFBC}") = "Tyuiu.GurevskayaVE.Sprint0.Task4.V0.Lib", "Tyuiu.GurevskayaVE.Sprint0.Task4.V0.Lib\Tyuiu.GurevskayaVE.Sprint0.Task4.V0.Lib.csproj", "{024DAB70-15E2-4EFC-AA25-B1BE90B2D237}"
EndProject
Project("{FAE04EC0-301F-11D3-BF4B-00C04F79EFBC}") = "Tyuiu.GurevskayaVE.Sprint0.Task4.V0.Test", "Tyuiu.GurevskayaVE.Sprint0.Task4.V0.Test\Tyuiu.GurevskayaVE.Sprint0.Task4.V0.Test.csproj", "{C2E160D2-BD90-48B0-89FA-0705185D7090}"
EndProject
Project("{2150E333-8FDC-42A3-9474-1A3956D46DE8}") = "Task5", "Task5", "{7A0CE2FD-8BE4-4DD6-B5D2-88935CF9C56A}"
EndProject
Project("{FAE04EC0-301F-11D3-BF4B-00C04F79EFBC}") = "Tyuiu.GurevskayaVE.Sprint0.Task5.V0", "Tyuiu.GurevskayaVE.Sprint0.Task5.V0\Tyuiu.GurevskayaVE.Sprint0.Task5.V0.csproj", "{A0D6C648-9FA6-4210-8E26-DD073478D3D9}"
EndProject
Project("{FAE04EC0-301F-11D3-BF4B-00C04F79EFBC}") = "Tyuiu.GurevskayaVE.Sprint0.Task5.V0.Test", "Tyuiu.GurevskayaVE.Sprint0.Task5.V0.Test\Tyuiu.GurevskayaVE.Sprint0.Task5.V0.Test.csproj", "{242FCAF4-4FF6-4FDB-93EB-2DD671CC9AEB}"
EndProject
Project("{FAE04EC0-301F-11D3-BF4B-00C04F79EFBC}") = "Tyuiu.GurevskayaVE.Sprint0.Task5.V0.Lib", "Tyuiu.GurevskayaVE.Sprint0.Task5.V0.Lib\Tyuiu.GurevskayaVE.Sprint0.Task5.V0.Lib.csproj", "{7C8C8520-7601-4152-A0D8-9E0DD78C7946}"
EndProject
Project("{2150E333-8FDC-42A3-9474-1A3956D46DE8}") = "Task6", "Task6", "{8A961CB5-E64D-4225-A121-CAF7693EC666}"
EndProject
Project("{FAE04EC0-301F-11D3-BF4B-00C04F79EFBC}") = "Tyuiu.GurevskayaVE.Sprint0.Task6.V0", "Tyuiu.GurevskayaVE.Sprint0.Task6.V0\Tyuiu.GurevskayaVE.Sprint0.Task6.V0.csproj", "{507AC967-85A5-45D9-A3FB-D44E4A0098C5}"
EndProject
Project("{FAE04EC0-301F-11D3-BF4B-00C04F79EFBC}") = "Tyuiu.GurevskayaVE.Sprint0.Task6.V0.Lib", "Tyuiu.GurevskayaVE.Sprint0.Task6.V0.Lib\Tyuiu.GurevskayaVE.Sprint0.Task6.V0.Lib.csproj", "{C1CA6FC6-DD08-4F56-B141-C2D3A7DCE5C1}"
EndProject
Project("{FAE04EC0-301F-11D3-BF4B-00C04F79EFBC}") = "Tyuiu.GurevskayaVE.Sprint0.Task6.V0.Test", "Tyuiu.GurevskayaVE.Sprint0.Task6.V0.Test\Tyuiu.GurevskayaVE.Sprint0.Task6.V0.Test.csproj", "{F608CB70-4A6A-4EE1-9326-6CFA8A78325E}"
EndProject
Project("{2150E333-8FDC-42A3-9474-1A3956D46DE8}") = "Task7", "Task7", "{F86EC2AC-D5F0-43DF-B874-5E266EA16953}"
EndProject
Project("{FAE04EC0-301F-11D3-BF4B-00C04F79EFBC}") = "Tyuiu.GurevskayaVE.Sprint0.Task7.V0", "Tyuiu.GurevskayaVE.Sprint0.Task7.V0\Tyuiu.GurevskayaVE.Sprint0.Task7.V0.csproj", "{07FBB219-0322-4640-B70A-55A1EC2DFD93}"
EndProject
Project("{FAE04EC0-301F-11D3-BF4B-00C04F79EFBC}") = "Tyuiu.GurevskayaVE.Sprint0.Task7.V0.Lib", "Tyuiu.GurevskayaVE.Sprint0.Task7.V0.Lib\Tyuiu.GurevskayaVE.Sprint0.Task7.V0.Lib.csproj", "{C7F38F89-B862-4180-8925-0A9E4FF0CA33}"
EndProject
Project("{FAE04EC0-301F-11D3-BF4B-00C04F79EFBC}") = "Tyuiu.GurevskayaVE.Sprint0.Task7.V0.Test", "Tyuiu.GurevskayaVE.Sprint0.Task7.V0.Test\Tyuiu.GurevskayaVE.Sprint0.Task7.V0.Test.csproj", "{8AAC9876-B973-47B7-8276-32FD696307D6}"
EndProject
Global
	GlobalSection(SolutionConfigurationPlatforms) = preSolution
		Debug|Any CPU = Debug|Any CPU
		Release|Any CPU = Release|Any CPU
	EndGlobalSection
	GlobalSection(ProjectConfigurationPlatforms) = postSolution
		{1CEE00B1-CCED-4E0B-A888-264408A748EC}.Debug|Any CPU.ActiveCfg = Debug|Any CPU
		{1CEE00B1-CCED-4E0B-A888-264408A748EC}.Debug|Any CPU.Build.0 = Debug|Any CPU
		{1CEE00B1-CCED-4E0B-A888-264408A748EC}.Release|Any CPU.ActiveCfg = Release|Any CPU
		{1CEE00B1-CCED-4E0B-A888-264408A748EC}.Release|Any CPU.Build.0 = Release|Any CPU
		{A17D8097-901F-4E17-ADBE-965300A25004}.Debug|Any CPU.ActiveCfg = Debug|Any CPU
		{A17D8097-901F-4E17-ADBE-965300A25004}.Debug|Any CPU.Build.0 = Debug|Any CPU
		{A17D8097-901F-4E17-ADBE-965300A25004}.Release|Any CPU.ActiveCfg = Release|Any CPU
		{A17D8097-901F-4E17-ADBE-965300A25004}.Release|Any CPU.Build.0 = Release|Any CPU
		{D8C3F48B-9D17-4069-829F-9409FABB72D7}.Debug|Any CPU.ActiveCfg = Debug|Any CPU
		{D8C3F48B-9D17-4069-829F-9409FABB72D7}.Debug|Any CPU.Build.0 = Debug|Any CPU
		{D8C3F48B-9D17-4069-829F-9409FABB72D7}.Release|Any CPU.ActiveCfg = Release|Any CPU
		{D8C3F48B-9D17-4069-829F-9409FABB72D7}.Release|Any CPU.Build.0 = Release|Any CPU
		{1770C1D7-DCF7-43A3-8B0A-A7D742728685}.Debug|Any CPU.ActiveCfg = Debug|Any CPU
		{1770C1D7-DCF7-43A3-8B0A-A7D742728685}.Debug|Any CPU.Build.0 = Debug|Any CPU
		{1770C1D7-DCF7-43A3-8B0A-A7D742728685}.Release|Any CPU.ActiveCfg = Release|Any CPU
		{1770C1D7-DCF7-43A3-8B0A-A7D742728685}.Release|Any CPU.Build.0 = Release|Any CPU
		{AF578A13-D5B2-4C78-805D-33F6938A8E3F}.Debug|Any CPU.ActiveCfg = Debug|Any CPU
		{AF578A13-D5B2-4C78-805D-33F6938A8E3F}.Debug|Any CPU.Build.0 = Debug|Any CPU
		{AF578A13-D5B2-4C78-805D-33F6938A8E3F}.Release|Any CPU.ActiveCfg = Release|Any CPU
		{AF578A13-D5B2-4C78-805D-33F6938A8E3F}.Release|Any CPU.Build.0 = Release|Any CPU
		{7C0ACAF7-4276-4CC5-BB60-C9DC58FE6915}.Debug|Any CPU.ActiveCfg = Debug|Any CPU
		{7C0ACAF7-4276-4CC5-BB60-C9DC58FE6915}.Debug|Any CPU.Build.0 = Debug|Any CPU
		{7C0ACAF7-4276-4CC5-BB60-C9DC58FE6915}.Release|Any CPU.ActiveCfg = Release|Any CPU
		{7C0ACAF7-4276-4CC5-BB60-C9DC58FE6915}.Release|Any CPU.Build.0 = Release|Any CPU
		{91F77CE8-7BF7-4D81-B34B-6A7C7917DBF6}.Debug|Any CPU.ActiveCfg = Debug|Any CPU
		{91F77CE8-7BF7-4D81-B34B-6A7C7917DBF6}.Debug|Any CPU.Build.0 = Debug|Any CPU
		{91F77CE8-7BF7-4D81-B34B-6A7C7917DBF6}.Release|Any CPU.ActiveCfg = Release|Any CPU
		{91F77CE8-7BF7-4D81-B34B-6A7C7917DBF6}.Release|Any CPU.Build.0 = Release|Any CPU
		{4CB09A36-C797-4E99-9BFF-C69A3625213E}.Debug|Any CPU.ActiveCfg = Debug|Any CPU
		{4CB09A36-C797-4E99-9BFF-C69A3625213E}.Debug|Any CPU.Build.0 = Debug|Any CPU
		{4CB09A36-C797-4E99-9BFF-C69A3625213E}.Release|Any CPU.ActiveCfg = Release|Any CPU
		{4CB09A36-C797-4E99-9BFF-C69A3625213E}.Release|Any CPU.Build.0 = Release|Any CPU
		{60427858-5FF0-44E1-82D7-7D0F1C4E9B04}.Debug|Any CPU.ActiveCfg = Debug|Any CPU
		{60427858-5FF0-44E1-82D7-7D0F1C4E9B04}.Debug|Any CPU.Build.0 = Debug|Any CPU
		{60427858-5FF0-44E1-82D7-7D0F1C4E9B04}.Release|Any CPU.ActiveCfg = Release|Any CPU
		{60427858-5FF0-44E1-82D7-7D0F1C4E9B04}.Release|Any CPU.Build.0 = Release|Any CPU
		{024DAB70-15E2-4EFC-AA25-B1BE90B2D237}.Debug|Any CPU.ActiveCfg = Debug|Any CPU
		{024DAB70-15E2-4EFC-AA25-B1BE90B2D237}.Debug|Any CPU.Build.0 = Debug|Any CPU
		{024DAB70-15E2-4EFC-AA25-B1BE90B2D237}.Release|Any CPU.ActiveCfg = Release|Any CPU
		{024DAB70-15E2-4EFC-AA25-B1BE90B2D237}.Release|Any CPU.Build.0 = Release|Any CPU
		{C2E160D2-BD90-48B0-89FA-0705185D7090}.Debug|Any CPU.ActiveCfg = Debug|Any CPU
		{C2E160D2-BD90-48B0-89FA-0705185D7090}.Debug|Any CPU.Build.0 = Debug|Any CPU
		{C2E160D2-BD90-48B0-89FA-0705185D7090}.Release|Any CPU.ActiveCfg = Release|Any CPU
		{C2E160D2-BD90-48B0-89FA-0705185D7090}.Release|Any CPU.Build.0 = Release|Any CPU
		{A0D6C648-9FA6-4210-8E26-DD073478D3D9}.Debug|Any CPU.ActiveCfg = Debug|Any CPU
		{A0D6C648-9FA6-4210-8E26-DD073478D3D9}.Debug|Any CPU.Build.0 = Debug|Any CPU
		{A0D6C648-9FA6-4210-8E26-DD073478D3D9}.Release|Any CPU.ActiveCfg = Release|Any CPU
		{A0D6C648-9FA6-4210-8E26-DD073478D3D9}.Release|Any CPU.Build.0 = Release|Any CPU
		{242FCAF4-4FF6-4FDB-93EB-2DD671CC9AEB}.Debug|Any CPU.ActiveCfg = Debug|Any CPU
		{242FCAF4-4FF6-4FDB-93EB-2DD671CC9AEB}.Debug|Any CPU.Build.0 = Debug|Any CPU
		{242FCAF4-4FF6-4FDB-93EB-2DD671CC9AEB}.Release|Any CPU.ActiveCfg = Release|Any CPU
		{242FCAF4-4FF6-4FDB-93EB-2DD671CC9AEB}.Release|Any CPU.Build.0 = Release|Any CPU
		{7C8C8520-7601-4152-A0D8-9E0DD78C7946}.Debug|Any CPU.ActiveCfg = Debug|Any CPU
		{7C8C8520-7601-4152-A0D8-9E0DD78C7946}.Debug|Any CPU.Build.0 = Debug|Any CPU
		{7C8C8520-7601-4152-A0D8-9E0DD78C7946}.Release|Any CPU.ActiveCfg = Release|Any CPU
		{7C8C8520-7601-4152-A0D8-9E0DD78C7946}.Release|Any CPU.Build.0 = Release|Any CPU
		{507AC967-85A5-45D9-A3FB-D44E4A0098C5}.Debug|Any CPU.ActiveCfg = Debug|Any CPU
		{507AC967-85A5-45D9-A3FB-D44E4A0098C5}.Debug|Any CPU.Build.0 = Debug|Any CPU
		{507AC967-85A5-45D9-A3FB-D44E4A0098C5}.Release|Any CPU.ActiveCfg = Release|Any CPU
		{507AC967-85A5-45D9-A3FB-D44E4A0098C5}.Release|Any CPU.Build.0 = Release|Any CPU
		{C1CA6FC6-DD08-4F56-B141-C2D3A7DCE5C1}.Debug|Any CPU.ActiveCfg = Debug|Any CPU
		{C1CA6FC6-DD08-4F56-B141-C2D3A7DCE5C1}.Debug|Any CPU.Build.0 = Debug|Any CPU
		{C1CA6FC6-DD08-4F56-B141-C2D3A7DCE5C1}.Release|Any CPU.ActiveCfg = Release|Any CPU
		{C1CA6FC6-DD08-4F56-B141-C2D3A7DCE5C1}.Release|Any CPU.Build.0 = Release|Any CPU
		{F608CB70-4A6A-4EE1-9326-6CFA8A78325E}.Debug|Any CPU.ActiveCfg = Debug|Any CPU
		{F608CB70-4A6A-4EE1-9326-6CFA8A78325E}.Debug|Any CPU.Build.0 = Debug|Any CPU
		{F608CB70-4A6A-4EE1-9326-6CFA8A78325E}.Release|Any CPU.ActiveCfg = Release|Any CPU
		{F608CB70-4A6A-4EE1-9326-6CFA8A78325E}.Release|Any CPU.Build.0 = Release|Any CPU
		{07FBB219-0322-4640-B70A-55A1EC2DFD93}.Debug|Any CPU.ActiveCfg = Debug|Any CPU
		{07FBB219-0322-4640-B70A-55A1EC2DFD93}.Debug|Any CPU.Build.0 = Debug|Any CPU
		{07FBB219-0322-4640-B70A-55A1EC2DFD93}.Release|Any CPU.ActiveCfg = Release|Any CPU
		{07FBB219-0322-4640-B70A-55A1EC2DFD93}.Release|Any CPU.Build.0 = Release|Any CPU
		{C7F38F89-B862-4180-8925-0A9E4FF0CA33}.Debug|Any CPU.ActiveCfg = Debug|Any CPU
		{C7F38F89-B862-4180-8925-0A9E4FF0CA33}.Debug|Any CPU.Build.0 = Debug|Any CPU
		{C7F38F89-B862-4180-8925-0A9E4FF0CA33}.Release|Any CPU.ActiveCfg = Release|Any CPU
		{C7F38F89-B862-4180-8925-0A9E4FF0CA33}.Release|Any CPU.Build.0 = Release|Any CPU
		{8AAC9876-B973-47B7-8276-32FD696307D6}.Debug|Any CPU.ActiveCfg = Debug|Any CPU
		{8AAC9876-B973-47B7-8276-32FD696307D6}.Debug|Any CPU.Build.0 = Debug|Any CPU
		{8AAC9876-B973-47B7-8276-32FD696307D6}.Release|Any CPU.ActiveCfg = Release|Any CPU
		{8AAC9876-B973-47B7-8276-32FD696307D6}.Release|Any CPU.Build.0 = Release|Any CPU
	EndGlobalSection
	GlobalSection(SolutionProperties) = preSolution
		HideSolutionNode = FALSE
	EndGlobalSection
	GlobalSection(NestedProjects) = preSolution
		{1CEE00B1-CCED-4E0B-A888-264408A748EC} = {4956C703-6B8D-489C-AFB7-626B67190DA2}
		{A17D8097-901F-4E17-ADBE-965300A25004} = {524CD3BC-8CDA-448D-97B0-0AF600ACCC16}
		{D8C3F48B-9D17-4069-829F-9409FABB72D7} = {8A6ABAF0-FD2D-4D7F-B6AD-E497A7D71CA6}
		{1770C1D7-DCF7-43A3-8B0A-A7D742728685} = {8A6ABAF0-FD2D-4D7F-B6AD-E497A7D71CA6}
		{AF578A13-D5B2-4C78-805D-33F6938A8E3F} = {8A6ABAF0-FD2D-4D7F-B6AD-E497A7D71CA6}
		{7C0ACAF7-4276-4CC5-BB60-C9DC58FE6915} = {9083FAF1-297E-4E3A-B446-62785A37EDC3}
		{91F77CE8-7BF7-4D81-B34B-6A7C7917DBF6} = {9083FAF1-297E-4E3A-B446-62785A37EDC3}
		{4CB09A36-C797-4E99-9BFF-C69A3625213E} = {9083FAF1-297E-4E3A-B446-62785A37EDC3}
		{60427858-5FF0-44E1-82D7-7D0F1C4E9B04} = {367D8884-AFB2-4BBA-87E5-FFB3A846914D}
		{024DAB70-15E2-4EFC-AA25-B1BE90B2D237} = {367D8884-AFB2-4BBA-87E5-FFB3A846914D}
		{C2E160D2-BD90-48B0-89FA-0705185D7090} = {367D8884-AFB2-4BBA-87E5-FFB3A846914D}
		{A0D6C648-9FA6-4210-8E26-DD073478D3D9} = {7A0CE2FD-8BE4-4DD6-B5D2-88935CF9C56A}
		{242FCAF4-4FF6-4FDB-93EB-2DD671CC9AEB} = {7A0CE2FD-8BE4-4DD6-B5D2-88935CF9C56A}
		{7C8C8520-7601-4152-A0D8-9E0DD78C7946} = {7A0CE2FD-8BE4-4DD6-B5D2-88935CF9C56A}
		{507AC967-85A5-45D9-A3FB-D44E4A0098C5} = {8A961CB5-E64D-4225-A121-CAF7693EC666}
		{C1CA6FC6-DD08-4F56-B141-C2D3A7DCE5C1} = {8A961CB5-E64D-4225-A121-CAF7693EC666}
		{F608CB70-4A6A-4EE1-9326-6CFA8A78325E} = {8A961CB5-E64D-4225-A121-CAF7693EC666}
		{07FBB219-0322-4640-B70A-55A1EC2DFD93} = {F86EC2AC-D5F0-43DF-B874-5E266EA16953}
		{C7F38F89-B862-4180-8925-0A9E4FF0CA33} = {F86EC2AC-D5F0-43DF-B874-5E266EA16953}
		{8AAC9876-B973-47B7-8276-32FD696307D6} = {F86EC2AC-D5F0-43DF-B874-5E266EA16953}
	EndGlobalSection
	GlobalSection(ExtensibilityGlobals) = postSolution
		SolutionGuid = {3FF3AA2F-8043-49C2-ACDD-DFAC49FFF6DE}
	EndGlobalSection
EndGlobal
